
Microsoft Visual Studio Solution File, Format Version 12.00
# Visual Studio Version 17
VisualStudioVersion = 17.0.31903.59
MinimumVisualStudioVersion = 10.0.40219.1
Project("{FAE04EC0-301F-11D3-BF4B-00C04F79EFBC}") = "TaskApp", "TaskApp\TaskApp.csproj", "{18AAE379-11B1-4B2B-8BE5-18559A70F592}"
EndProject
Project("{FAE04EC0-301F-11D3-BF4B-00C04F79EFBC}") = "TaskApp.Tests", "TaskApp.Tests\TaskApp.Tests.csproj", "{D7605611-30A9-44D9-9AFA-B47FF31B72A9}"
EndProject
Global
	GlobalSection(SolutionConfigurationPlatforms) = preSolution
		Debug|Any CPU = Debug|Any CPU
		Release|Any CPU = Release|Any CPU
	EndGlobalSection
	GlobalSection(SolutionProperties) = preSolution
		HideSolutionNode = FALSE
	EndGlobalSection
	GlobalSection(ProjectConfigurationPlatforms) = postSolution
		{18AAE379-11B1-4B2B-8BE5-18559A70F592}.Debug|Any CPU.ActiveCfg = Debug|Any CPU
		{18AAE379-11B1-4B2B-8BE5-18559A70F592}.Debug|Any CPU.Build.0 = Debug|Any CPU
		{18AAE379-11B1-4B2B-8BE5-18559A70F592}.Release|Any CPU.ActiveCfg = Release|Any CPU
		{18AAE379-11B1-4B2B-8BE5-18559A70F592}.Release|Any CPU.Build.0 = Release|Any CPU
		{D7605611-30A9-44D9-9AFA-B47FF31B72A9}.Debug|Any CPU.ActiveCfg = Debug|Any CPU
		{D7605611-30A9-44D9-9AFA-B47FF31B72A9}.Debug|Any CPU.Build.0 = Debug|Any CPU
		{D7605611-30A9-44D9-9AFA-B47FF31B72A9}.Release|Any CPU.ActiveCfg = Release|Any CPU
		{D7605611-30A9-44D9-9AFA-B47FF31B72A9}.Release|Any CPU.Build.0 = Release|Any CPU
	EndGlobalSection
EndGlobal
